
Microsoft Visual Studio Solution File, Format Version 12.00
# Visual Studio Version 17
VisualStudioVersion = 17.5.33414.496
MinimumVisualStudioVersion = 10.0.40219.1
Project("{9A19103F-16F7-4668-BE54-9A1E7A4F7556}") = "Unit Tests", "Unit Tests\Unit Tests.csproj", "{E5E84903-313D-449B-8934-8A0DA9D5A5DA}"
EndProject
Project("{9A19103F-16F7-4668-BE54-9A1E7A4F7556}") = "Project 5 Ground UD Link", "Project 5\Project 5 Ground UD Link.csproj", "{4071DAB7-5566-4936-B1FA-216FA0C8D3EC}"
EndProject
Project("{9A19103F-16F7-4668-BE54-9A1E7A4F7556}") = "Integ-UpLink-Downlink--Ground-Spacesender.Tests", "Integ-UpLink-Downlink--Ground-Spacesender.Tests\Integ-UpLink-Downlink--Ground-Spacesender.Tests.csproj", "{007E8B63-2918-4EF9-96AF-EF00120C9CAF}"
EndProject
Project("{9A19103F-16F7-4668-BE54-9A1E7A4F7556}") = "Integ-Downlink-GroundSender.Tests", "Integ-Downlink-GroundSender.Tests\Integ-Downlink-GroundSender.Tests.csproj", "{15025C87-BFE2-42AF-9409-570DC0B8759B}"
EndProject
Project("{9A19103F-16F7-4668-BE54-9A1E7A4F7556}") = "Integ-Uplink-SpaceSender", "Integ-Uplink-SpaceSender\Integ-Uplink-SpaceSender.csproj", "{76B3FF53-77B3-4C73-9A71-B92ECE2F5B76}"
EndProject
Global
	GlobalSection(SolutionConfigurationPlatforms) = preSolution
		Debug|Any CPU = Debug|Any CPU
		Release|Any CPU = Release|Any CPU
	EndGlobalSection
	GlobalSection(ProjectConfigurationPlatforms) = postSolution
		{E5E84903-313D-449B-8934-8A0DA9D5A5DA}.Debug|Any CPU.ActiveCfg = Debug|Any CPU
		{E5E84903-313D-449B-8934-8A0DA9D5A5DA}.Debug|Any CPU.Build.0 = Debug|Any CPU
		{E5E84903-313D-449B-8934-8A0DA9D5A5DA}.Release|Any CPU.ActiveCfg = Release|Any CPU
		{E5E84903-313D-449B-8934-8A0DA9D5A5DA}.Release|Any CPU.Build.0 = Release|Any CPU
		{4071DAB7-5566-4936-B1FA-216FA0C8D3EC}.Debug|Any CPU.ActiveCfg = Debug|Any CPU
		{4071DAB7-5566-4936-B1FA-216FA0C8D3EC}.Debug|Any CPU.Build.0 = Debug|Any CPU
		{4071DAB7-5566-4936-B1FA-216FA0C8D3EC}.Release|Any CPU.ActiveCfg = Release|Any CPU
		{4071DAB7-5566-4936-B1FA-216FA0C8D3EC}.Release|Any CPU.Build.0 = Release|Any CPU
		{007E8B63-2918-4EF9-96AF-EF00120C9CAF}.Debug|Any CPU.ActiveCfg = Debug|Any CPU
		{007E8B63-2918-4EF9-96AF-EF00120C9CAF}.Debug|Any CPU.Build.0 = Debug|Any CPU
		{007E8B63-2918-4EF9-96AF-EF00120C9CAF}.Release|Any CPU.ActiveCfg = Release|Any CPU
		{007E8B63-2918-4EF9-96AF-EF00120C9CAF}.Release|Any CPU.Build.0 = Release|Any CPU
		{15025C87-BFE2-42AF-9409-570DC0B8759B}.Debug|Any CPU.ActiveCfg = Debug|Any CPU
		{15025C87-BFE2-42AF-9409-570DC0B8759B}.Debug|Any CPU.Build.0 = Debug|Any CPU
		{15025C87-BFE2-42AF-9409-570DC0B8759B}.Release|Any CPU.ActiveCfg = Release|Any CPU
		{15025C87-BFE2-42AF-9409-570DC0B8759B}.Release|Any CPU.Build.0 = Release|Any CPU
		{76B3FF53-77B3-4C73-9A71-B92ECE2F5B76}.Debug|Any CPU.ActiveCfg = Debug|Any CPU
		{76B3FF53-77B3-4C73-9A71-B92ECE2F5B76}.Debug|Any CPU.Build.0 = Debug|Any CPU
		{76B3FF53-77B3-4C73-9A71-B92ECE2F5B76}.Release|Any CPU.ActiveCfg = Release|Any CPU
		{76B3FF53-77B3-4C73-9A71-B92ECE2F5B76}.Release|Any CPU.Build.0 = Release|Any CPU
	EndGlobalSection
	GlobalSection(SolutionProperties) = preSolution
		HideSolutionNode = FALSE
	EndGlobalSection
	GlobalSection(ExtensibilityGlobals) = postSolution
		SolutionGuid = {484B4352-AEBC-4832-AAE1-13138BBA0706}
	EndGlobalSection
EndGlobal
